
Microsoft Visual Studio Solution File, Format Version 12.00
# Visual Studio 14
VisualStudioVersion = 14.0.23107.0
MinimumVisualStudioVersion = 10.0.40219.1
Project("{FAE04EC0-301F-11D3-BF4B-00C04F79EFBC}") = "MangoMan.Winform", "MangoMan.Winform\MangoMan.Winform.csproj", "{DD5790B1-21B0-49BC-8987-8D9F8BA13B04}"
EndProject
Project("{FAE04EC0-301F-11D3-BF4B-00C04F79EFBC}") = "MangoMan.DAL", "MangoMan.DAL\MangoMan.DAL.csproj", "{B0F82505-AA28-42FA-8C8B-7FFA1DD447ED}"
EndProject
Project("{FAE04EC0-301F-11D3-BF4B-00C04F79EFBC}") = "MangoMan.DBO", "MangoMan.DBO\MangoMan.DBO.csproj", "{D9052725-738C-40D2-8D43-49BA04A3453F}"
EndProject
Project("{FAE04EC0-301F-11D3-BF4B-00C04F79EFBC}") = "MangoMan.Model", "MangoMan.Model\MangoMan.Model.csproj", "{A535C6EF-155D-4EC9-B41B-0FDE0202BAA7}"
EndProject
Global
	GlobalSection(SolutionConfigurationPlatforms) = preSolution
		Debug|Any CPU = Debug|Any CPU
		Release|Any CPU = Release|Any CPU
	EndGlobalSection
	GlobalSection(ProjectConfigurationPlatforms) = postSolution
		{DD5790B1-21B0-49BC-8987-8D9F8BA13B04}.Debug|Any CPU.ActiveCfg = Debug|Any CPU
		{DD5790B1-21B0-49BC-8987-8D9F8BA13B04}.Debug|Any CPU.Build.0 = Debug|Any CPU
		{DD5790B1-21B0-49BC-8987-8D9F8BA13B04}.Release|Any CPU.ActiveCfg = Release|Any CPU
		{DD5790B1-21B0-49BC-8987-8D9F8BA13B04}.Release|Any CPU.Build.0 = Release|Any CPU
		{B0F82505-AA28-42FA-8C8B-7FFA1DD447ED}.Debug|Any CPU.ActiveCfg = Debug|Any CPU
		{B0F82505-AA28-42FA-8C8B-7FFA1DD447ED}.Debug|Any CPU.Build.0 = Debug|Any CPU
		{B0F82505-AA28-42FA-8C8B-7FFA1DD447ED}.Release|Any CPU.ActiveCfg = Release|Any CPU
		{B0F82505-AA28-42FA-8C8B-7FFA1DD447ED}.Release|Any CPU.Build.0 = Release|Any CPU
		{D9052725-738C-40D2-8D43-49BA04A3453F}.Debug|Any CPU.ActiveCfg = Debug|Any CPU
		{D9052725-738C-40D2-8D43-49BA04A3453F}.Debug|Any CPU.Build.0 = Debug|Any CPU
		{D9052725-738C-40D2-8D43-49BA04A3453F}.Release|Any CPU.ActiveCfg = Release|Any CPU
		{D9052725-738C-40D2-8D43-49BA04A3453F}.Release|Any CPU.Build.0 = Release|Any CPU
		{A535C6EF-155D-4EC9-B41B-0FDE0202BAA7}.Debug|Any CPU.ActiveCfg = Debug|Any CPU
		{A535C6EF-155D-4EC9-B41B-0FDE0202BAA7}.Debug|Any CPU.Build.0 = Debug|Any CPU
		{A535C6EF-155D-4EC9-B41B-0FDE0202BAA7}.Release|Any CPU.ActiveCfg = Release|Any CPU
		{A535C6EF-155D-4EC9-B41B-0FDE0202BAA7}.Release|Any CPU.Build.0 = Release|Any CPU
	EndGlobalSection
	GlobalSection(SolutionProperties) = preSolution
		HideSolutionNode = FALSE
	EndGlobalSection
EndGlobal
